
Microsoft Visual Studio Solution File, Format Version 12.00
# Visual Studio Version 16
VisualStudioVersion = 16.0.31321.278
MinimumVisualStudioVersion = 10.0.40219.1
Project("{9A19103F-16F7-4668-BE54-9A1E7A4F7556}") = "API", "API\API.csproj", "{6F642D26-D0EF-4469-9990-57D89496088F}"
EndProject
Project("{9A19103F-16F7-4668-BE54-9A1E7A4F7556}") = "Contracts", "Contracts\Contracts.csproj", "{4207C2B7-94FB-463B-8497-F528F6CF21F5}"
EndProject
Project("{9A19103F-16F7-4668-BE54-9A1E7A4F7556}") = "Services", "Services\Services.csproj", "{8E7F2E78-A387-408E-8B5D-98148757F241}"
EndProject
Project("{9A19103F-16F7-4668-BE54-9A1E7A4F7556}") = "Repositories", "Repositories\Repositories.csproj", "{F8497D53-9C1A-477B-B84B-FC41AEC49ED4}"
EndProject
Project("{9A19103F-16F7-4668-BE54-9A1E7A4F7556}") = "Models", "Core\Models.csproj", "{37597CE4-8AAA-4D47-9FF4-33FD559E6378}"
EndProject
Global
	GlobalSection(SolutionConfigurationPlatforms) = preSolution
		Debug|Any CPU = Debug|Any CPU
		Release|Any CPU = Release|Any CPU
	EndGlobalSection
	GlobalSection(ProjectConfigurationPlatforms) = postSolution
		{6F642D26-D0EF-4469-9990-57D89496088F}.Debug|Any CPU.ActiveCfg = Debug|Any CPU
		{6F642D26-D0EF-4469-9990-57D89496088F}.Debug|Any CPU.Build.0 = Debug|Any CPU
		{6F642D26-D0EF-4469-9990-57D89496088F}.Release|Any CPU.ActiveCfg = Release|Any CPU
		{6F642D26-D0EF-4469-9990-57D89496088F}.Release|Any CPU.Build.0 = Release|Any CPU
		{4207C2B7-94FB-463B-8497-F528F6CF21F5}.Debug|Any CPU.ActiveCfg = Debug|Any CPU
		{4207C2B7-94FB-463B-8497-F528F6CF21F5}.Debug|Any CPU.Build.0 = Debug|Any CPU
		{4207C2B7-94FB-463B-8497-F528F6CF21F5}.Release|Any CPU.ActiveCfg = Release|Any CPU
		{4207C2B7-94FB-463B-8497-F528F6CF21F5}.Release|Any CPU.Build.0 = Release|Any CPU
		{8E7F2E78-A387-408E-8B5D-98148757F241}.Debug|Any CPU.ActiveCfg = Debug|Any CPU
		{8E7F2E78-A387-408E-8B5D-98148757F241}.Debug|Any CPU.Build.0 = Debug|Any CPU
		{8E7F2E78-A387-408E-8B5D-98148757F241}.Release|Any CPU.ActiveCfg = Release|Any CPU
		{8E7F2E78-A387-408E-8B5D-98148757F241}.Release|Any CPU.Build.0 = Release|Any CPU
		{F8497D53-9C1A-477B-B84B-FC41AEC49ED4}.Debug|Any CPU.ActiveCfg = Debug|Any CPU
		{F8497D53-9C1A-477B-B84B-FC41AEC49ED4}.Debug|Any CPU.Build.0 = Debug|Any CPU
		{F8497D53-9C1A-477B-B84B-FC41AEC49ED4}.Release|Any CPU.ActiveCfg = Release|Any CPU
		{F8497D53-9C1A-477B-B84B-FC41AEC49ED4}.Release|Any CPU.Build.0 = Release|Any CPU
		{37597CE4-8AAA-4D47-9FF4-33FD559E6378}.Debug|Any CPU.ActiveCfg = Debug|Any CPU
		{37597CE4-8AAA-4D47-9FF4-33FD559E6378}.Debug|Any CPU.Build.0 = Debug|Any CPU
		{37597CE4-8AAA-4D47-9FF4-33FD559E6378}.Release|Any CPU.ActiveCfg = Release|Any CPU
		{37597CE4-8AAA-4D47-9FF4-33FD559E6378}.Release|Any CPU.Build.0 = Release|Any CPU
	EndGlobalSection
	GlobalSection(SolutionProperties) = preSolution
		HideSolutionNode = FALSE
	EndGlobalSection
	GlobalSection(ExtensibilityGlobals) = postSolution
		SolutionGuid = {4C0F2F07-ED7C-4D0D-B8A9-6260D840AFA8}
	EndGlobalSection
EndGlobal
